
Microsoft Visual Studio Solution File, Format Version 12.00
# Visual Studio Version 16
VisualStudioVersion = 16.0.30225.117
MinimumVisualStudioVersion = 10.0.40219.1
Project("{9A19103F-16F7-4668-BE54-9A1E7A4F7556}") = "BLL", "BLL\BLL.csproj", "{14FF32FF-79CF-4ED0-9BB6-0599ACB7FE5E}"
EndProject
Project("{9A19103F-16F7-4668-BE54-9A1E7A4F7556}") = "DrinkManager.API", "DrinkManager.API\DrinkManager.API.csproj", "{74234F95-DD28-4135-B766-5D1607DED706}"
EndProject
Project("{9A19103F-16F7-4668-BE54-9A1E7A4F7556}") = "Tests", "Tests\Tests.csproj", "{74113DD9-0DAC-4BC9-9EAC-8EB1F63DD0D5}"
EndProject
Project("{9A19103F-16F7-4668-BE54-9A1E7A4F7556}") = "ReportingModule.API", "ReportingModule.API\ReportingModule.API.csproj", "{0677804A-2073-4C8F-BD7C-71B66200FF68}"
EndProject
Project("{9A19103F-16F7-4668-BE54-9A1E7A4F7556}") = "Domain", "Domain\Domain.csproj", "{9373956D-219E-4209-A99F-4BA864886D4B}"
EndProject
Project("{9A19103F-16F7-4668-BE54-9A1E7A4F7556}") = "Persistence", "Persistence\Persistence.csproj", "{DFC2D388-105A-4752-ACEE-17D05203D63C}"
EndProject
Project("{9A19103F-16F7-4668-BE54-9A1E7A4F7556}") = "Infrastructure", "Infrastructure\Infrastructure.csproj", "{A9630208-54BE-48D0-A263-9FA20B471093}"
EndProject
Global
	GlobalSection(SolutionConfigurationPlatforms) = preSolution
		Debug|Any CPU = Debug|Any CPU
		Release|Any CPU = Release|Any CPU
	EndGlobalSection
	GlobalSection(ProjectConfigurationPlatforms) = postSolution
		{14FF32FF-79CF-4ED0-9BB6-0599ACB7FE5E}.Debug|Any CPU.ActiveCfg = Debug|Any CPU
		{14FF32FF-79CF-4ED0-9BB6-0599ACB7FE5E}.Debug|Any CPU.Build.0 = Debug|Any CPU
		{14FF32FF-79CF-4ED0-9BB6-0599ACB7FE5E}.Release|Any CPU.ActiveCfg = Release|Any CPU
		{14FF32FF-79CF-4ED0-9BB6-0599ACB7FE5E}.Release|Any CPU.Build.0 = Release|Any CPU
		{74234F95-DD28-4135-B766-5D1607DED706}.Debug|Any CPU.ActiveCfg = Debug|Any CPU
		{74234F95-DD28-4135-B766-5D1607DED706}.Debug|Any CPU.Build.0 = Debug|Any CPU
		{74234F95-DD28-4135-B766-5D1607DED706}.Release|Any CPU.ActiveCfg = Release|Any CPU
		{74234F95-DD28-4135-B766-5D1607DED706}.Release|Any CPU.Build.0 = Release|Any CPU
		{74113DD9-0DAC-4BC9-9EAC-8EB1F63DD0D5}.Debug|Any CPU.ActiveCfg = Debug|Any CPU
		{74113DD9-0DAC-4BC9-9EAC-8EB1F63DD0D5}.Debug|Any CPU.Build.0 = Debug|Any CPU
		{74113DD9-0DAC-4BC9-9EAC-8EB1F63DD0D5}.Release|Any CPU.ActiveCfg = Release|Any CPU
		{74113DD9-0DAC-4BC9-9EAC-8EB1F63DD0D5}.Release|Any CPU.Build.0 = Release|Any CPU
		{0677804A-2073-4C8F-BD7C-71B66200FF68}.Debug|Any CPU.ActiveCfg = Debug|Any CPU
		{0677804A-2073-4C8F-BD7C-71B66200FF68}.Debug|Any CPU.Build.0 = Debug|Any CPU
		{0677804A-2073-4C8F-BD7C-71B66200FF68}.Release|Any CPU.ActiveCfg = Release|Any CPU
		{0677804A-2073-4C8F-BD7C-71B66200FF68}.Release|Any CPU.Build.0 = Release|Any CPU
		{9373956D-219E-4209-A99F-4BA864886D4B}.Debug|Any CPU.ActiveCfg = Debug|Any CPU
		{9373956D-219E-4209-A99F-4BA864886D4B}.Debug|Any CPU.Build.0 = Debug|Any CPU
		{9373956D-219E-4209-A99F-4BA864886D4B}.Release|Any CPU.ActiveCfg = Release|Any CPU
		{9373956D-219E-4209-A99F-4BA864886D4B}.Release|Any CPU.Build.0 = Release|Any CPU
		{DFC2D388-105A-4752-ACEE-17D05203D63C}.Debug|Any CPU.ActiveCfg = Debug|Any CPU
		{DFC2D388-105A-4752-ACEE-17D05203D63C}.Debug|Any CPU.Build.0 = Debug|Any CPU
		{DFC2D388-105A-4752-ACEE-17D05203D63C}.Release|Any CPU.ActiveCfg = Release|Any CPU
		{DFC2D388-105A-4752-ACEE-17D05203D63C}.Release|Any CPU.Build.0 = Release|Any CPU
		{A9630208-54BE-48D0-A263-9FA20B471093}.Debug|Any CPU.ActiveCfg = Debug|Any CPU
		{A9630208-54BE-48D0-A263-9FA20B471093}.Debug|Any CPU.Build.0 = Debug|Any CPU
		{A9630208-54BE-48D0-A263-9FA20B471093}.Release|Any CPU.ActiveCfg = Release|Any CPU
		{A9630208-54BE-48D0-A263-9FA20B471093}.Release|Any CPU.Build.0 = Release|Any CPU
	EndGlobalSection
	GlobalSection(SolutionProperties) = preSolution
		HideSolutionNode = FALSE
	EndGlobalSection
	GlobalSection(ExtensibilityGlobals) = postSolution
		SolutionGuid = {B066A7B7-32C3-4929-942A-7B79A6D4EC55}
	EndGlobalSection
EndGlobal
